
Microsoft Visual Studio Solution File, Format Version 12.00
# Visual Studio Version 16
VisualStudioVersion = 16.0.31624.102
MinimumVisualStudioVersion = 10.0.40219.1
Project("{FAE04EC0-301F-11D3-BF4B-00C04F79EFBC}") = "kompasSwordUI", "kompasSwordUI\kompasSwordUI.csproj", "{24D6921E-D6E5-4AB4-9FF8-6F901A9128FA}"
EndProject
Project("{FAE04EC0-301F-11D3-BF4B-00C04F79EFBC}") = "kompasSword.Nexus", "kompasSword.Nexus\kompasSword.Nexus.csproj", "{38204B66-E172-4E5A-9A0B-4ECC090CB915}"
EndProject
Global
	GlobalSection(SolutionConfigurationPlatforms) = preSolution
		Debug|Any CPU = Debug|Any CPU
		Release|Any CPU = Release|Any CPU
	EndGlobalSection
	GlobalSection(ProjectConfigurationPlatforms) = postSolution
		{24D6921E-D6E5-4AB4-9FF8-6F901A9128FA}.Debug|Any CPU.ActiveCfg = Debug|Any CPU
		{24D6921E-D6E5-4AB4-9FF8-6F901A9128FA}.Debug|Any CPU.Build.0 = Debug|Any CPU
		{24D6921E-D6E5-4AB4-9FF8-6F901A9128FA}.Release|Any CPU.ActiveCfg = Release|Any CPU
		{24D6921E-D6E5-4AB4-9FF8-6F901A9128FA}.Release|Any CPU.Build.0 = Release|Any CPU
		{38204B66-E172-4E5A-9A0B-4ECC090CB915}.Debug|Any CPU.ActiveCfg = Debug|Any CPU
		{38204B66-E172-4E5A-9A0B-4ECC090CB915}.Debug|Any CPU.Build.0 = Debug|Any CPU
		{38204B66-E172-4E5A-9A0B-4ECC090CB915}.Release|Any CPU.ActiveCfg = Release|Any CPU
		{38204B66-E172-4E5A-9A0B-4ECC090CB915}.Release|Any CPU.Build.0 = Release|Any CPU
	EndGlobalSection
	GlobalSection(SolutionProperties) = preSolution
		HideSolutionNode = FALSE
	EndGlobalSection
	GlobalSection(ExtensibilityGlobals) = postSolution
		SolutionGuid = {9183082E-B8C0-4B04-B346-DFD727715509}
	EndGlobalSection
EndGlobal
