
Microsoft Visual Studio Solution File, Format Version 12.00
# Visual Studio Version 16
VisualStudioVersion = 16.0.31624.102
MinimumVisualStudioVersion = 10.0.40219.1
Project("{FAE04EC0-301F-11D3-BF4B-00C04F79EFBC}") = "kompasSwordUi", "kompasSwordUi\kompasSwordUi.csproj", "{3C80ED4F-3044-4BAC-8385-6AA97B6D0445}"
EndProject
Project("{FAE04EC0-301F-11D3-BF4B-00C04F79EFBC}") = "kompasSword", "kompasSword\kompasSword.csproj", "{DC02BBFB-6446-4D39-8BB4-39BF4711ABD0}"
EndProject
Global
	GlobalSection(SolutionConfigurationPlatforms) = preSolution
		Debug|Any CPU = Debug|Any CPU
		Release|Any CPU = Release|Any CPU
	EndGlobalSection
	GlobalSection(ProjectConfigurationPlatforms) = postSolution
		{3C80ED4F-3044-4BAC-8385-6AA97B6D0445}.Debug|Any CPU.ActiveCfg = Debug|Any CPU
		{3C80ED4F-3044-4BAC-8385-6AA97B6D0445}.Debug|Any CPU.Build.0 = Debug|Any CPU
		{3C80ED4F-3044-4BAC-8385-6AA97B6D0445}.Release|Any CPU.ActiveCfg = Release|Any CPU
		{3C80ED4F-3044-4BAC-8385-6AA97B6D0445}.Release|Any CPU.Build.0 = Release|Any CPU
		{DC02BBFB-6446-4D39-8BB4-39BF4711ABD0}.Debug|Any CPU.ActiveCfg = Debug|Any CPU
		{DC02BBFB-6446-4D39-8BB4-39BF4711ABD0}.Debug|Any CPU.Build.0 = Debug|Any CPU
		{DC02BBFB-6446-4D39-8BB4-39BF4711ABD0}.Release|Any CPU.ActiveCfg = Release|Any CPU
		{DC02BBFB-6446-4D39-8BB4-39BF4711ABD0}.Release|Any CPU.Build.0 = Release|Any CPU
	EndGlobalSection
	GlobalSection(SolutionProperties) = preSolution
		HideSolutionNode = FALSE
	EndGlobalSection
	GlobalSection(ExtensibilityGlobals) = postSolution
		SolutionGuid = {0DC2DBBC-A36D-420F-B828-7F6ABDD8BB13}
	EndGlobalSection
EndGlobal
